
Microsoft Visual Studio Solution File, Format Version 12.00
# Visual Studio Version 17
VisualStudioVersion = 17.7.34221.43
MinimumVisualStudioVersion = 10.0.40219.1
Project("{FAE04EC0-301F-11D3-BF4B-00C04F79EFBC}") = "HotelReservationApp", "HotelReservationApp\HotelReservationApp.csproj", "{8B68177F-E301-4158-9057-4D1A2BDBEEE9}"
EndProject
Global
	GlobalSection(SolutionConfigurationPlatforms) = preSolution
		Debug|Any CPU = Debug|Any CPU
		Release|Any CPU = Release|Any CPU
	EndGlobalSection
	GlobalSection(ProjectConfigurationPlatforms) = postSolution
		{8B68177F-E301-4158-9057-4D1A2BDBEEE9}.Debug|Any CPU.ActiveCfg = Debug|Any CPU
		{8B68177F-E301-4158-9057-4D1A2BDBEEE9}.Debug|Any CPU.Build.0 = Debug|Any CPU
		{8B68177F-E301-4158-9057-4D1A2BDBEEE9}.Release|Any CPU.ActiveCfg = Release|Any CPU
		{8B68177F-E301-4158-9057-4D1A2BDBEEE9}.Release|Any CPU.Build.0 = Release|Any CPU
	EndGlobalSection
	GlobalSection(SolutionProperties) = preSolution
		HideSolutionNode = FALSE
	EndGlobalSection
	GlobalSection(ExtensibilityGlobals) = postSolution
		SolutionGuid = {32F83ED3-166B-43BE-BEC8-F8C689982260}
	EndGlobalSection
EndGlobal
